
Microsoft Visual Studio Solution File, Format Version 12.00
# Visual Studio Version 16
VisualStudioVersion = 16.0.30503.244
MinimumVisualStudioVersion = 10.0.40219.1
Project("{FAE04EC0-301F-11D3-BF4B-00C04F79EFBC}") = "ReTail", "ReTail.csproj", "{7B5B49C2-1E5C-4D4C-83C6-C60CA81EFBE3}"
EndProject
Global
	GlobalSection(SolutionConfigurationPlatforms) = preSolution
		Debug|Any CPU = Debug|Any CPU
		Release|Any CPU = Release|Any CPU
	EndGlobalSection
	GlobalSection(ProjectConfigurationPlatforms) = postSolution
		{7B5B49C2-1E5C-4D4C-83C6-C60CA81EFBE3}.Debug|Any CPU.ActiveCfg = Debug|Any CPU
		{7B5B49C2-1E5C-4D4C-83C6-C60CA81EFBE3}.Debug|Any CPU.Build.0 = Debug|Any CPU
		{7B5B49C2-1E5C-4D4C-83C6-C60CA81EFBE3}.Release|Any CPU.ActiveCfg = Release|Any CPU
		{7B5B49C2-1E5C-4D4C-83C6-C60CA81EFBE3}.Release|Any CPU.Build.0 = Release|Any CPU
	EndGlobalSection
	GlobalSection(SolutionProperties) = preSolution
		HideSolutionNode = FALSE
	EndGlobalSection
	GlobalSection(ExtensibilityGlobals) = postSolution
		SolutionGuid = {49B1E1CA-FF6D-4988-A9C8-0092D05D5D51}
	EndGlobalSection
EndGlobal
